
Microsoft Visual Studio Solution File, Format Version 12.00
# Visual Studio Version 17
VisualStudioVersion = 17.6.33829.357
MinimumVisualStudioVersion = 10.0.40219.1
Project("{FAE04EC0-301F-11D3-BF4B-00C04F79EFBC}") = "TP3Console", "TP3Console\TP3Console.csproj", "{F80DE795-02DC-4B2E-B371-7A7BFE743BF5}"
EndProject
Global
	GlobalSection(SolutionConfigurationPlatforms) = preSolution
		Debug|Any CPU = Debug|Any CPU
		Release|Any CPU = Release|Any CPU
	EndGlobalSection
	GlobalSection(ProjectConfigurationPlatforms) = postSolution
		{F80DE795-02DC-4B2E-B371-7A7BFE743BF5}.Debug|Any CPU.ActiveCfg = Debug|Any CPU
		{F80DE795-02DC-4B2E-B371-7A7BFE743BF5}.Debug|Any CPU.Build.0 = Debug|Any CPU
		{F80DE795-02DC-4B2E-B371-7A7BFE743BF5}.Release|Any CPU.ActiveCfg = Release|Any CPU
		{F80DE795-02DC-4B2E-B371-7A7BFE743BF5}.Release|Any CPU.Build.0 = Release|Any CPU
	EndGlobalSection
	GlobalSection(SolutionProperties) = preSolution
		HideSolutionNode = FALSE
	EndGlobalSection
	GlobalSection(ExtensibilityGlobals) = postSolution
		SolutionGuid = {E6BF6589-8A22-42A5-A5F2-147AFF96970A}
	EndGlobalSection
EndGlobal
